
Microsoft Visual Studio Solution File, Format Version 12.00
# Visual Studio 15
VisualStudioVersion = 15.0.28307.329
MinimumVisualStudioVersion = 10.0.40219.1
Project("{FAE04EC0-301F-11D3-BF4B-00C04F79EFBC}") = "RockeyProject", "RockeyProject\RockeyProject.csproj", "{FC4B7B1C-75F5-4BFE-A336-1F8B1A169F8B}"
EndProject
Global
	GlobalSection(SolutionConfigurationPlatforms) = preSolution
		Debug|Any CPU = Debug|Any CPU
		Release|Any CPU = Release|Any CPU
	EndGlobalSection
	GlobalSection(ProjectConfigurationPlatforms) = postSolution
		{FC4B7B1C-75F5-4BFE-A336-1F8B1A169F8B}.Debug|Any CPU.ActiveCfg = Debug|Any CPU
		{FC4B7B1C-75F5-4BFE-A336-1F8B1A169F8B}.Debug|Any CPU.Build.0 = Debug|Any CPU
		{FC4B7B1C-75F5-4BFE-A336-1F8B1A169F8B}.Release|Any CPU.ActiveCfg = Release|Any CPU
		{FC4B7B1C-75F5-4BFE-A336-1F8B1A169F8B}.Release|Any CPU.Build.0 = Release|Any CPU
	EndGlobalSection
	GlobalSection(SolutionProperties) = preSolution
		HideSolutionNode = FALSE
	EndGlobalSection
	GlobalSection(ExtensibilityGlobals) = postSolution
		SolutionGuid = {6C4A667E-66E1-4A8D-93B8-3A0845540D3E}
	EndGlobalSection
EndGlobal
